{
  "version": 4,
  "terraform_version": "1.1.8",
  "serial": 86,
  "lineage": "0c949fb4-350f-3f55-21f8-b188cdf50979",
  "outputs": {
    "ip": {
      "value": "34.205.74.219",
      "type": "string"
    }
  },
  "resources": [
    {
      "mode": "managed",
      "type": "aws_instance",
      "name": "MyInstance",
      "provider": "provider[\"registry.terraform.io/hashicorp/aws\"]",
      "instances": [
        {
          "schema_version": 1,
          "attributes": {
            "ami": "ami-03ededff12e34e59e",
            "arn": "arn:aws:ec2:us-east-1:776570085926:instance/i-00cdb51b3adc8999c",
            "associate_public_ip_address": true,
            "availability_zone": "us-east-1a",
            "capacity_reservation_specification": [
              {
                "capacity_reservation_preference": "open",
                "capacity_reservation_target": []
              }
            ],
            "cpu_core_count": 1,
            "cpu_threads_per_core": 1,
            "credit_specification": [
              {
                "cpu_credits": "standard"
              }
            ],
            "disable_api_termination": false,
            "ebs_block_device": [],
            "ebs_optimized": false,
            "enclave_options": [
              {
                "enabled": false
              }
            ],
            "ephemeral_block_device": [],
            "get_password_data": false,
            "hibernation": false,
            "host_id": null,
            "iam_instance_profile": "",
            "id": "i-00cdb51b3adc8999c",
            "instance_initiated_shutdown_behavior": "stop",
            "instance_state": "running",
            "instance_type": "t2.micro",
            "ipv6_address_count": 0,
            "ipv6_addresses": [],
            "key_name": "mykey",
            "launch_template": [],
            "metadata_options": [
              {
                "http_endpoint": "enabled",
                "http_put_response_hop_limit": 1,
                "http_tokens": "optional",
                "instance_metadata_tags": "disabled"
              }
            ],
            "monitoring": false,
            "network_interface": [],
            "outpost_arn": "",
            "password_data": "",
            "placement_group": "",
            "placement_partition_number": null,
            "primary_network_interface_id": "eni-0069a167f167a291f",
            "private_dns": "ip-172-31-84-217.ec2.internal",
            "private_ip": "172.31.84.217",
            "public_dns": "ec2-34-205-74-219.compute-1.amazonaws.com",
            "public_ip": "34.205.74.219",
            "root_block_device": [
              {
                "delete_on_termination": true,
                "device_name": "/dev/xvda",
                "encrypted": false,
                "iops": 100,
                "kms_key_id": "",
                "tags": {},
                "throughput": 0,
                "volume_id": "vol-0ddfbbc6e61d4cc71",
                "volume_size": 8,
                "volume_type": "gp2"
              }
            ],
            "secondary_private_ips": [],
            "security_groups": [
              "My-terraform-test-SG"
            ],
            "source_dest_check": true,
            "subnet_id": "subnet-80156eae",
            "tags": {
              "Name": "Test_Instance"
            },
            "tags_all": {
              "Name": "Test_Instance"
            },
            "tenancy": "default",
            "timeouts": null,
            "user_data": null,
            "user_data_base64": null,
            "user_data_replace_on_change": false,
            "volume_tags": null,
            "vpc_security_group_ids": [
              "sg-07468d7179e3b0899"
            ]
          },
          "sensitive_attributes": [],
          "private": "eyJlMmJmYjczMC1lY2FhLTExZTYtOGY4OC0zNDM2M2JjN2M0YzAiOnsiY3JlYXRlIjo2MDAwMDAwMDAwMDAsImRlbGV0ZSI6MTIwMDAwMDAwMDAwMCwidXBkYXRlIjo2MDAwMDAwMDAwMDB9LCJzY2hlbWFfdmVyc2lvbiI6IjEifQ==",
          "dependencies": [
            "aws_key_pair.mykey"
          ]
        }
      ]
    },
    {
      "mode": "managed",
      "type": "aws_key_pair",
      "name": "mykey",
      "provider": "provider[\"registry.terraform.io/hashicorp/aws\"]",
      "instances": [
        {
          "schema_version": 1,
          "attributes": {
            "arn": "arn:aws:ec2:us-east-1:776570085926:key-pair/mykey",
            "fingerprint": "35:ca:21:46:be:3b:b2:c5:23:5e:d5:b1:03:63:a0:2c",
            "id": "mykey",
            "key_name": "mykey",
            "key_name_prefix": "",
            "key_pair_id": "key-06a001dfdf7c1d12e",
            "public_key": "ssh-rsa AAAAB3NzaC1yc2EAAAADAQABAAABgQC7ErZs9HdjOIZVby/mYOKmC95KIrmTs1sO2JzjPnOSRTe6lg026sdC+tLe8UnxVz8fIjwql8MKSYg6vf9qMrU9bQBkp34VbgE78wWB1JXTCwGpBla0JqlwodzE8y9/S1xNPAeqpfazKGhkBqQonAQoPIiPDDK3wSD2H4B7U+M2t4MGZKarx0F/ECXjtDTWDVvxrDwIJwNedVCBP1jtj/N82PpTWFQki6jgI5mjsJaG3MJsRAb+O6GV8ShLx99a0SlvVXUQYY+KrzTh8oxlnSje8RYOnwVhul6jgHZ5ZK03/dVptikBwRfg8loKRzDnAYUPOQvGGbNmXJO74eCEwLTiPeOS0O+syHnmYbiWUneaPawNfBaVH1FqnnyKgSBMXZcKPT+vMuT1T9I4Ejrp5nm6hIW0SZB/3pIR87/P4Vm5SDtV2vej+KPDyzaiM1GBMjNxYop7PUzNYOFyvb50RsXs3YzUNGZYnqrg2oMDFegSs/tUE6WoQwJs0NU37akQkWk= sam@mymachine",
            "tags": null,
            "tags_all": {}
          },
          "sensitive_attributes": [],
          "private": "eyJzY2hlbWFfdmVyc2lvbiI6IjEifQ=="
        }
      ]
    }
  ]
}
